
Microsoft Visual Studio Solution File, Format Version 12.00
# Visual Studio Version 17
VisualStudioVersion = 17.0.31903.59
MinimumVisualStudioVersion = 10.0.40219.1
Project("{F2A71F9B-5D33-465A-A702-920D77279786}") = "FSharp.Core.Faster", "src\FSharp.Core.Faster.fsproj", "{C0ADD7CC-BFB3-4830-A684-D3AEF3AB03AD}"
EndProject
Project("{2150E333-8FDC-42A3-9474-1A3956D46DE8}") = "tests", "tests", "{C125A076-C148-491B-8AC0-8A0B3941C572}"
EndProject
Project("{F2A71F9B-5D33-465A-A702-920D77279786}") = "FSharp.Core.Faster.Benchmarks", "tests\benchmarks\FSharp.Core.Faster.Benchmarks.fsproj", "{2A202347-FF03-4291-AC82-D43A064F1AE9}"
EndProject
Global
	GlobalSection(SolutionConfigurationPlatforms) = preSolution
		Debug|Any CPU = Debug|Any CPU
		Release|Any CPU = Release|Any CPU
	EndGlobalSection
	GlobalSection(SolutionProperties) = preSolution
		HideSolutionNode = FALSE
	EndGlobalSection
	GlobalSection(ProjectConfigurationPlatforms) = postSolution
		{C0ADD7CC-BFB3-4830-A684-D3AEF3AB03AD}.Debug|Any CPU.ActiveCfg = Debug|Any CPU
		{C0ADD7CC-BFB3-4830-A684-D3AEF3AB03AD}.Debug|Any CPU.Build.0 = Debug|Any CPU
		{C0ADD7CC-BFB3-4830-A684-D3AEF3AB03AD}.Release|Any CPU.ActiveCfg = Release|Any CPU
		{C0ADD7CC-BFB3-4830-A684-D3AEF3AB03AD}.Release|Any CPU.Build.0 = Release|Any CPU
		{2A202347-FF03-4291-AC82-D43A064F1AE9}.Debug|Any CPU.ActiveCfg = Debug|Any CPU
		{2A202347-FF03-4291-AC82-D43A064F1AE9}.Debug|Any CPU.Build.0 = Debug|Any CPU
		{2A202347-FF03-4291-AC82-D43A064F1AE9}.Release|Any CPU.ActiveCfg = Release|Any CPU
		{2A202347-FF03-4291-AC82-D43A064F1AE9}.Release|Any CPU.Build.0 = Release|Any CPU
	EndGlobalSection
	GlobalSection(NestedProjects) = preSolution
		{2A202347-FF03-4291-AC82-D43A064F1AE9} = {C125A076-C148-491B-8AC0-8A0B3941C572}
	EndGlobalSection
EndGlobal
