
Microsoft Visual Studio Solution File, Format Version 12.00
# Visual Studio Version 17
VisualStudioVersion = 17.0.31903.59
MinimumVisualStudioVersion = 10.0.40219.1
Project("{F2A71F9B-5D33-465A-A702-920D77279786}") = "FSharp.Core.Faster", "src\FSharp.Core.Faster.fsproj", "{A0E2DB54-64DD-415F-91A9-ECBEC6F9A721}"
EndProject
Project("{F2A71F9B-5D33-465A-A702-920D77279786}") = "FSharp.Core.Faster.Tests", "tests\FSharp.Core.Faster.Tests.fsproj", "{3DC961B7-D4E4-41E7-95BD-8EBB358F4C77}"
EndProject
Project("{F2A71F9B-5D33-465A-A702-920D77279786}") = "FSharp.Core.Faster.Benchmarks", "benchmarks\FSharp.Core.Faster.Benchmarks.fsproj", "{CDC9D23E-FC28-470F-9236-8785137B0B31}"
EndProject
Global
	GlobalSection(SolutionConfigurationPlatforms) = preSolution
		Debug|Any CPU = Debug|Any CPU
		Release|Any CPU = Release|Any CPU
	EndGlobalSection
	GlobalSection(SolutionProperties) = preSolution
		HideSolutionNode = FALSE
	EndGlobalSection
	GlobalSection(ProjectConfigurationPlatforms) = postSolution
		{A0E2DB54-64DD-415F-91A9-ECBEC6F9A721}.Debug|Any CPU.ActiveCfg = Debug|Any CPU
		{A0E2DB54-64DD-415F-91A9-ECBEC6F9A721}.Debug|Any CPU.Build.0 = Debug|Any CPU
		{A0E2DB54-64DD-415F-91A9-ECBEC6F9A721}.Release|Any CPU.ActiveCfg = Release|Any CPU
		{A0E2DB54-64DD-415F-91A9-ECBEC6F9A721}.Release|Any CPU.Build.0 = Release|Any CPU
		{3DC961B7-D4E4-41E7-95BD-8EBB358F4C77}.Debug|Any CPU.ActiveCfg = Debug|Any CPU
		{3DC961B7-D4E4-41E7-95BD-8EBB358F4C77}.Debug|Any CPU.Build.0 = Debug|Any CPU
		{3DC961B7-D4E4-41E7-95BD-8EBB358F4C77}.Release|Any CPU.ActiveCfg = Release|Any CPU
		{3DC961B7-D4E4-41E7-95BD-8EBB358F4C77}.Release|Any CPU.Build.0 = Release|Any CPU
		{CDC9D23E-FC28-470F-9236-8785137B0B31}.Debug|Any CPU.ActiveCfg = Debug|Any CPU
		{CDC9D23E-FC28-470F-9236-8785137B0B31}.Debug|Any CPU.Build.0 = Debug|Any CPU
		{CDC9D23E-FC28-470F-9236-8785137B0B31}.Release|Any CPU.ActiveCfg = Release|Any CPU
		{CDC9D23E-FC28-470F-9236-8785137B0B31}.Release|Any CPU.Build.0 = Release|Any CPU
	EndGlobalSection
EndGlobal
